
Microsoft Visual Studio Solution File, Format Version 12.00
# Visual Studio Version 16
VisualStudioVersion = 25.0.1705.4
MinimumVisualStudioVersion = 10.0.40219.1
Project("{FAE04EC0-301F-11D3-BF4B-00C04F79EFBC}") = "AvvaMobile.Core.Redis", "AvvaMobile.Core.Redis\AvvaMobile.Core.Redis.csproj", "{842ABE71-4F1C-4FC0-A873-617290C2BBA2}"
EndProject
Project("{FAE04EC0-301F-11D3-BF4B-00C04F79EFBC}") = "AvvaMobile.Core.Redis.Samples", "AvvaMobile.Core.Redis.Samples\AvvaMobile.Core.Redis.Samples.csproj", "{AFF8ECB2-05D0-498C-B99B-FFDAEC66035A}"
EndProject
Global
	GlobalSection(SolutionConfigurationPlatforms) = preSolution
		Debug|Any CPU = Debug|Any CPU
		Release|Any CPU = Release|Any CPU
	EndGlobalSection
	GlobalSection(ProjectConfigurationPlatforms) = postSolution
		{842ABE71-4F1C-4FC0-A873-617290C2BBA2}.Debug|Any CPU.ActiveCfg = Debug|Any CPU
		{842ABE71-4F1C-4FC0-A873-617290C2BBA2}.Debug|Any CPU.Build.0 = Debug|Any CPU
		{842ABE71-4F1C-4FC0-A873-617290C2BBA2}.Release|Any CPU.ActiveCfg = Release|Any CPU
		{842ABE71-4F1C-4FC0-A873-617290C2BBA2}.Release|Any CPU.Build.0 = Release|Any CPU
		{AFF8ECB2-05D0-498C-B99B-FFDAEC66035A}.Debug|Any CPU.ActiveCfg = Debug|Any CPU
		{AFF8ECB2-05D0-498C-B99B-FFDAEC66035A}.Debug|Any CPU.Build.0 = Debug|Any CPU
		{AFF8ECB2-05D0-498C-B99B-FFDAEC66035A}.Release|Any CPU.ActiveCfg = Release|Any CPU
		{AFF8ECB2-05D0-498C-B99B-FFDAEC66035A}.Release|Any CPU.Build.0 = Release|Any CPU
	EndGlobalSection
	GlobalSection(SolutionProperties) = preSolution
		HideSolutionNode = FALSE
	EndGlobalSection
	GlobalSection(ExtensibilityGlobals) = postSolution
		SolutionGuid = {96AD0AF0-CC65-4EF8-AF43-77154339F3CF}
	EndGlobalSection
EndGlobal
